
Microsoft Visual Studio Solution File, Format Version 12.00
# Visual Studio Version 16
VisualStudioVersion = 16.0.33927.289
MinimumVisualStudioVersion = 10.0.40219.1
Project("{8BC9CEB8-8B4A-11D0-8D11-00A0C91BC942}") = "generatePowerset10_21", "generatePowerset10_21\generatePowerset10_21.vcxproj", "{2A068E4A-CB38-4D6B-A443-FA147AF5EB2F}"
EndProject
Global
	GlobalSection(SolutionConfigurationPlatforms) = preSolution
		Debug|x64 = Debug|x64
		Debug|x86 = Debug|x86
		Release|x64 = Release|x64
		Release|x86 = Release|x86
	EndGlobalSection
	GlobalSection(ProjectConfigurationPlatforms) = postSolution
		{2A068E4A-CB38-4D6B-A443-FA147AF5EB2F}.Debug|x64.ActiveCfg = Debug|x64
		{2A068E4A-CB38-4D6B-A443-FA147AF5EB2F}.Debug|x64.Build.0 = Debug|x64
		{2A068E4A-CB38-4D6B-A443-FA147AF5EB2F}.Debug|x86.ActiveCfg = Debug|Win32
		{2A068E4A-CB38-4D6B-A443-FA147AF5EB2F}.Debug|x86.Build.0 = Debug|Win32
		{2A068E4A-CB38-4D6B-A443-FA147AF5EB2F}.Release|x64.ActiveCfg = Release|x64
		{2A068E4A-CB38-4D6B-A443-FA147AF5EB2F}.Release|x64.Build.0 = Release|x64
		{2A068E4A-CB38-4D6B-A443-FA147AF5EB2F}.Release|x86.ActiveCfg = Release|Win32
		{2A068E4A-CB38-4D6B-A443-FA147AF5EB2F}.Release|x86.Build.0 = Release|Win32
	EndGlobalSection
	GlobalSection(SolutionProperties) = preSolution
		HideSolutionNode = FALSE
	EndGlobalSection
	GlobalSection(ExtensibilityGlobals) = postSolution
		SolutionGuid = {AC7D51A2-05C3-465A-B92B-59CD70B2CDAB}
	EndGlobalSection
EndGlobal
